
Microsoft Visual Studio Solution File, Format Version 12.00
# Visual Studio Version 16
VisualStudioVersion = 16.0.29306.81
MinimumVisualStudioVersion = 10.0.40219.1
Project("{FAE04EC0-301F-11D3-BF4B-00C04F79EFBC}") = "StatisticalFunctions", "StatisticalFunctions\StatisticalFunctions.csproj", "{455D6750-1FC0-453D-AE41-DEEA96B9BB0D}"
EndProject
Project("{FAE04EC0-301F-11D3-BF4B-00C04F79EFBC}") = "Data", "Data\Data.csproj", "{FA1A0CC3-0993-482A-970B-B220FE938479}"
EndProject
Project("{FAE04EC0-301F-11D3-BF4B-00C04F79EFBC}") = "StatisticsTests", "StatisticsTests\StatisticsTests.csproj", "{4A6284F4-09EE-4878-86C8-97574D9A7D19}"
EndProject
Global
	GlobalSection(SolutionConfigurationPlatforms) = preSolution
		Debug|Any CPU = Debug|Any CPU
		Release|Any CPU = Release|Any CPU
	EndGlobalSection
	GlobalSection(ProjectConfigurationPlatforms) = postSolution
		{455D6750-1FC0-453D-AE41-DEEA96B9BB0D}.Debug|Any CPU.ActiveCfg = Debug|Any CPU
		{455D6750-1FC0-453D-AE41-DEEA96B9BB0D}.Debug|Any CPU.Build.0 = Debug|Any CPU
		{455D6750-1FC0-453D-AE41-DEEA96B9BB0D}.Release|Any CPU.ActiveCfg = Release|Any CPU
		{455D6750-1FC0-453D-AE41-DEEA96B9BB0D}.Release|Any CPU.Build.0 = Release|Any CPU
		{FA1A0CC3-0993-482A-970B-B220FE938479}.Debug|Any CPU.ActiveCfg = Debug|Any CPU
		{FA1A0CC3-0993-482A-970B-B220FE938479}.Debug|Any CPU.Build.0 = Debug|Any CPU
		{FA1A0CC3-0993-482A-970B-B220FE938479}.Release|Any CPU.ActiveCfg = Release|Any CPU
		{FA1A0CC3-0993-482A-970B-B220FE938479}.Release|Any CPU.Build.0 = Release|Any CPU
		{4A6284F4-09EE-4878-86C8-97574D9A7D19}.Debug|Any CPU.ActiveCfg = Debug|Any CPU
		{4A6284F4-09EE-4878-86C8-97574D9A7D19}.Debug|Any CPU.Build.0 = Debug|Any CPU
		{4A6284F4-09EE-4878-86C8-97574D9A7D19}.Release|Any CPU.ActiveCfg = Release|Any CPU
		{4A6284F4-09EE-4878-86C8-97574D9A7D19}.Release|Any CPU.Build.0 = Release|Any CPU
	EndGlobalSection
	GlobalSection(SolutionProperties) = preSolution
		HideSolutionNode = FALSE
	EndGlobalSection
	GlobalSection(ExtensibilityGlobals) = postSolution
		SolutionGuid = {D4535AC3-EE4C-44EC-A99B-CD903CDF3916}
	EndGlobalSection
EndGlobal
